{
  "name": "@rbxts/dataforge",
  "version": "0.1.0",
  "lockfileVersion": 3,
  "requires": true,
  "packages": {
    "": {
      "name": "@rbxts/dataforge",
      "version": "0.1.0",
      "license": "MIT",
      "devDependencies": {
        "@rbxts/types": "^1.0.947"
      }
    },
    "node_modules/@rbxts/types": {
      "version": "1.0.947",
      "resolved": "https://registry.npmjs.org/@rbxts/types/-/types-1.0.947.tgz",
      "integrity": "sha512-NAGa6dAvP6kD3mNNZUnwTDenzqgbK7kbCp1ZXgTuKN+sH0AoO5M32TAFfdGbOCMkSysl3YhHc+B0PA6oGMCkAA==",
      "dev": true,
      "license": "MIT"
    }
  }
}
